
Microsoft Visual Studio Solution File, Format Version 12.00
# Visual Studio 15
VisualStudioVersion = 15.0.27428.2043
MinimumVisualStudioVersion = 10.0.40219.1
Project("{FAE04EC0-301F-11D3-BF4B-00C04F79EFBC}") = "StephensChessAIProject", "StephensChessAIProject\StephensChessAIProject.csproj", "{AE020ABD-4337-4B6A-8BD5-AF3C5E52CF25}"
EndProject
Project("{FAE04EC0-301F-11D3-BF4B-00C04F79EFBC}") = "BenchmarkManager", "BenchmarkManager\BenchmarkManager.csproj", "{FEEA79FE-E9E7-41EF-A4D9-96F8965AD790}"
EndProject
Global
	GlobalSection(SolutionConfigurationPlatforms) = preSolution
		Debug|Any CPU = Debug|Any CPU
		Release|Any CPU = Release|Any CPU
	EndGlobalSection
	GlobalSection(ProjectConfigurationPlatforms) = postSolution
		{AE020ABD-4337-4B6A-8BD5-AF3C5E52CF25}.Debug|Any CPU.ActiveCfg = Debug|Any CPU
		{AE020ABD-4337-4B6A-8BD5-AF3C5E52CF25}.Debug|Any CPU.Build.0 = Debug|Any CPU
		{AE020ABD-4337-4B6A-8BD5-AF3C5E52CF25}.Release|Any CPU.ActiveCfg = Release|Any CPU
		{AE020ABD-4337-4B6A-8BD5-AF3C5E52CF25}.Release|Any CPU.Build.0 = Release|Any CPU
		{FEEA79FE-E9E7-41EF-A4D9-96F8965AD790}.Debug|Any CPU.ActiveCfg = Debug|Any CPU
		{FEEA79FE-E9E7-41EF-A4D9-96F8965AD790}.Debug|Any CPU.Build.0 = Debug|Any CPU
		{FEEA79FE-E9E7-41EF-A4D9-96F8965AD790}.Release|Any CPU.ActiveCfg = Release|Any CPU
		{FEEA79FE-E9E7-41EF-A4D9-96F8965AD790}.Release|Any CPU.Build.0 = Release|Any CPU
	EndGlobalSection
	GlobalSection(SolutionProperties) = preSolution
		HideSolutionNode = FALSE
	EndGlobalSection
	GlobalSection(ExtensibilityGlobals) = postSolution
		SolutionGuid = {86E4B43F-022D-4996-B7C6-B8D92ABB79F6}
	EndGlobalSection
EndGlobal
